
Microsoft Visual Studio Solution File, Format Version 12.00
# Visual Studio Version 17
VisualStudioVersion = 17.7.34031.279
MinimumVisualStudioVersion = 10.0.40219.1
Project("{FAE04EC0-301F-11D3-BF4B-00C04F79EFBC}") = "Lab2practice", "Lab2practice\Lab2practice.csproj", "{88179F75-B504-445F-B0C1-12F830C1C44D}"
EndProject
Global
	GlobalSection(SolutionConfigurationPlatforms) = preSolution
		Debug|Any CPU = Debug|Any CPU
		Release|Any CPU = Release|Any CPU
	EndGlobalSection
	GlobalSection(ProjectConfigurationPlatforms) = postSolution
		{88179F75-B504-445F-B0C1-12F830C1C44D}.Debug|Any CPU.ActiveCfg = Debug|Any CPU
		{88179F75-B504-445F-B0C1-12F830C1C44D}.Debug|Any CPU.Build.0 = Debug|Any CPU
		{88179F75-B504-445F-B0C1-12F830C1C44D}.Release|Any CPU.ActiveCfg = Release|Any CPU
		{88179F75-B504-445F-B0C1-12F830C1C44D}.Release|Any CPU.Build.0 = Release|Any CPU
	EndGlobalSection
	GlobalSection(SolutionProperties) = preSolution
		HideSolutionNode = FALSE
	EndGlobalSection
	GlobalSection(ExtensibilityGlobals) = postSolution
		SolutionGuid = {0665B683-2ADD-46D1-95FE-B221C10C7D0A}
	EndGlobalSection
EndGlobal
