
Microsoft Visual Studio Solution File, Format Version 12.00
# Visual Studio Version 17
VisualStudioVersion = 17.7.34031.279
MinimumVisualStudioVersion = 10.0.40219.1
Project("{FAE04EC0-301F-11D3-BF4B-00C04F79EFBC}") = "lab4", "lab4\lab4.csproj", "{9E68615F-DF6E-4FDA-8851-442344B2B715}"
EndProject
Global
	GlobalSection(SolutionConfigurationPlatforms) = preSolution
		Debug|Any CPU = Debug|Any CPU
		Release|Any CPU = Release|Any CPU
	EndGlobalSection
	GlobalSection(ProjectConfigurationPlatforms) = postSolution
		{9E68615F-DF6E-4FDA-8851-442344B2B715}.Debug|Any CPU.ActiveCfg = Debug|Any CPU
		{9E68615F-DF6E-4FDA-8851-442344B2B715}.Debug|Any CPU.Build.0 = Debug|Any CPU
		{9E68615F-DF6E-4FDA-8851-442344B2B715}.Release|Any CPU.ActiveCfg = Release|Any CPU
		{9E68615F-DF6E-4FDA-8851-442344B2B715}.Release|Any CPU.Build.0 = Release|Any CPU
	EndGlobalSection
	GlobalSection(SolutionProperties) = preSolution
		HideSolutionNode = FALSE
	EndGlobalSection
	GlobalSection(ExtensibilityGlobals) = postSolution
		SolutionGuid = {4E6FF9C4-ADD1-473D-A838-4D532A3FBE9E}
	EndGlobalSection
EndGlobal
